
Microsoft Visual Studio Solution File, Format Version 12.00
# Visual Studio 15
VisualStudioVersion = 15.0.28010.2003
MinimumVisualStudioVersion = 10.0.40219.1
Project("{9A19103F-16F7-4668-BE54-9A1E7A4F7556}") = "Vulnerabilities.Web", "Vulnerabilities.Web\Vulnerabilities.Web.csproj", "{B73F19C1-E176-446D-A3B5-C00DE4801536}"
EndProject
Project("{9A19103F-16F7-4668-BE54-9A1E7A4F7556}") = "Vulnerabilities.Data", "Vulnerabilites.Data\Vulnerabilities.Data.csproj", "{37527084-C1F7-4F65-B0AE-18C3DBB53251}"
EndProject
Project("{9A19103F-16F7-4668-BE54-9A1E7A4F7556}") = "Vulnerabilities.Services", "Vulnerabilities.Services\Vulnerabilities.Services.csproj", "{5BC27004-2381-4C22-AF71-E06DF5C7876C}"
EndProject
Project("{9A19103F-16F7-4668-BE54-9A1E7A4F7556}") = "Vulnerabilities.DataManagement", "Vulnerabilities.DataManagement\Vulnerabilities.DataManagement.csproj", "{E8D855F5-BF9F-4C88-8935-836D457DABC8}"
EndProject
Global
	GlobalSection(SolutionConfigurationPlatforms) = preSolution
		Debug|Any CPU = Debug|Any CPU
		Release|Any CPU = Release|Any CPU
	EndGlobalSection
	GlobalSection(ProjectConfigurationPlatforms) = postSolution
		{B73F19C1-E176-446D-A3B5-C00DE4801536}.Debug|Any CPU.ActiveCfg = Debug|Any CPU
		{B73F19C1-E176-446D-A3B5-C00DE4801536}.Debug|Any CPU.Build.0 = Debug|Any CPU
		{B73F19C1-E176-446D-A3B5-C00DE4801536}.Release|Any CPU.ActiveCfg = Release|Any CPU
		{B73F19C1-E176-446D-A3B5-C00DE4801536}.Release|Any CPU.Build.0 = Release|Any CPU
		{37527084-C1F7-4F65-B0AE-18C3DBB53251}.Debug|Any CPU.ActiveCfg = Debug|Any CPU
		{37527084-C1F7-4F65-B0AE-18C3DBB53251}.Debug|Any CPU.Build.0 = Debug|Any CPU
		{37527084-C1F7-4F65-B0AE-18C3DBB53251}.Release|Any CPU.ActiveCfg = Release|Any CPU
		{37527084-C1F7-4F65-B0AE-18C3DBB53251}.Release|Any CPU.Build.0 = Release|Any CPU
		{5BC27004-2381-4C22-AF71-E06DF5C7876C}.Debug|Any CPU.ActiveCfg = Debug|Any CPU
		{5BC27004-2381-4C22-AF71-E06DF5C7876C}.Debug|Any CPU.Build.0 = Debug|Any CPU
		{5BC27004-2381-4C22-AF71-E06DF5C7876C}.Release|Any CPU.ActiveCfg = Release|Any CPU
		{5BC27004-2381-4C22-AF71-E06DF5C7876C}.Release|Any CPU.Build.0 = Release|Any CPU
		{E8D855F5-BF9F-4C88-8935-836D457DABC8}.Debug|Any CPU.ActiveCfg = Debug|Any CPU
		{E8D855F5-BF9F-4C88-8935-836D457DABC8}.Debug|Any CPU.Build.0 = Debug|Any CPU
		{E8D855F5-BF9F-4C88-8935-836D457DABC8}.Release|Any CPU.ActiveCfg = Release|Any CPU
		{E8D855F5-BF9F-4C88-8935-836D457DABC8}.Release|Any CPU.Build.0 = Release|Any CPU
	EndGlobalSection
	GlobalSection(SolutionProperties) = preSolution
		HideSolutionNode = FALSE
	EndGlobalSection
	GlobalSection(ExtensibilityGlobals) = postSolution
		SolutionGuid = {D6577D8A-AE0E-455B-9959-7294334CBBB0}
	EndGlobalSection
EndGlobal
